
Microsoft Visual Studio Solution File, Format Version 12.00
# Visual Studio Version 17
VisualStudioVersion = 17.0.31903.59
MinimumVisualStudioVersion = 10.0.40219.1
Project("{FAE04EC0-301F-11D3-BF4B-00C04F79EFBC}") = "Calculadora", "Calculadora\Calculadora.csproj", "{6229E692-FB71-43BE-84CA-B099E0C7EAC3}"
EndProject
Project("{FAE04EC0-301F-11D3-BF4B-00C04F79EFBC}") = "CalculadoraTestes", "CalculadoraTestes\CalculadoraTestes.csproj", "{AE5381CA-3B80-4851-A854-B44EB8DBDB77}"
EndProject
Global
	GlobalSection(SolutionConfigurationPlatforms) = preSolution
		Debug|Any CPU = Debug|Any CPU
		Release|Any CPU = Release|Any CPU
	EndGlobalSection
	GlobalSection(SolutionProperties) = preSolution
		HideSolutionNode = FALSE
	EndGlobalSection
	GlobalSection(ProjectConfigurationPlatforms) = postSolution
		{6229E692-FB71-43BE-84CA-B099E0C7EAC3}.Debug|Any CPU.ActiveCfg = Debug|Any CPU
		{6229E692-FB71-43BE-84CA-B099E0C7EAC3}.Debug|Any CPU.Build.0 = Debug|Any CPU
		{6229E692-FB71-43BE-84CA-B099E0C7EAC3}.Release|Any CPU.ActiveCfg = Release|Any CPU
		{6229E692-FB71-43BE-84CA-B099E0C7EAC3}.Release|Any CPU.Build.0 = Release|Any CPU
		{AE5381CA-3B80-4851-A854-B44EB8DBDB77}.Debug|Any CPU.ActiveCfg = Debug|Any CPU
		{AE5381CA-3B80-4851-A854-B44EB8DBDB77}.Debug|Any CPU.Build.0 = Debug|Any CPU
		{AE5381CA-3B80-4851-A854-B44EB8DBDB77}.Release|Any CPU.ActiveCfg = Release|Any CPU
		{AE5381CA-3B80-4851-A854-B44EB8DBDB77}.Release|Any CPU.Build.0 = Release|Any CPU
	EndGlobalSection
EndGlobal
